
Microsoft Visual Studio Solution File, Format Version 12.00
# Visual Studio Version 17
VisualStudioVersion = 17.4.33403.182
MinimumVisualStudioVersion = 10.0.40219.1
Project("{FAE04EC0-301F-11D3-BF4B-00C04F79EFBC}") = "LB10", "LB10\LB10.csproj", "{5D7C0197-53AF-44EF-9319-6C9C751E8E76}"
EndProject
Global
	GlobalSection(SolutionConfigurationPlatforms) = preSolution
		Debug|Any CPU = Debug|Any CPU
		Release|Any CPU = Release|Any CPU
	EndGlobalSection
	GlobalSection(ProjectConfigurationPlatforms) = postSolution
		{5D7C0197-53AF-44EF-9319-6C9C751E8E76}.Debug|Any CPU.ActiveCfg = Debug|Any CPU
		{5D7C0197-53AF-44EF-9319-6C9C751E8E76}.Debug|Any CPU.Build.0 = Debug|Any CPU
		{5D7C0197-53AF-44EF-9319-6C9C751E8E76}.Release|Any CPU.ActiveCfg = Release|Any CPU
		{5D7C0197-53AF-44EF-9319-6C9C751E8E76}.Release|Any CPU.Build.0 = Release|Any CPU
	EndGlobalSection
	GlobalSection(SolutionProperties) = preSolution
		HideSolutionNode = FALSE
	EndGlobalSection
	GlobalSection(ExtensibilityGlobals) = postSolution
		SolutionGuid = {E6308F9F-0445-4EE8-A893-49410F2172AE}
	EndGlobalSection
EndGlobal
